// !$*UTF8*$!
{
	archiveVersion = 1;
	classes = {
	};
	objectVersion = 53;
	objects = {

/* Begin PBXBuildFile section */
		25BAB1312759117100A5A18E /* User.swift in Sources */ = {isa = PBXBuildFile; fileRef = 25BAB1302759117000A5A18E /* User.swift */; };
		25BAB134275911FB00A5A18E /* Listing.swift in Sources */ = {isa = PBXBuildFile; fileRef = 25BAB133275911FB00A5A18E /* Listing.swift */; };
		25BAB1362759121D00A5A18E /* Comment.swift in Sources */ = {isa = PBXBuildFile; fileRef = 25BAB1352759121D00A5A18E /* Comment.swift */; };
		25BAB1382759372B00A5A18E /* ListingsTableViewController.swift in Sources */ = {isa = PBXBuildFile; fileRef = 25BAB1372759372B00A5A18E /* ListingsTableViewController.swift */; };
		25BAB13A2759376300A5A18E /* SavedListingsTableViewController.swift in Sources */ = {isa = PBXBuildFile; fileRef = 25BAB1392759376300A5A18E /* SavedListingsTableViewController.swift */; };
		25BAB13C2759380D00A5A18E /* ListingDetailsViewController.swift in Sources */ = {isa = PBXBuildFile; fileRef = 25BAB13B2759380D00A5A18E /* ListingDetailsViewController.swift */; };
		25BAB13E2759386500A5A18E /* CreateListingViewController.swift in Sources */ = {isa = PBXBuildFile; fileRef = 25BAB13D2759386500A5A18E /* CreateListingViewController.swift */; };
		25BAB140275938B300A5A18E /* UserDetailViewController.swift in Sources */ = {isa = PBXBuildFile; fileRef = 25BAB13F275938B300A5A18E /* UserDetailViewController.swift */; };
		25BAB14227593D9300A5A18E /* MyListingsTableViewController.swift in Sources */ = {isa = PBXBuildFile; fileRef = 25BAB14127593D9300A5A18E /* MyListingsTableViewController.swift */; };
		25EDDEE52754513B00980553 /* AppDelegate.swift in Sources */ = {isa = PBXBuildFile; fileRef = 25EDDEE42754513B00980553 /* AppDelegate.swift */; };
		25EDDEE72754513B00980553 /* SceneDelegate.swift in Sources */ = {isa = PBXBuildFile; fileRef = 25EDDEE62754513B00980553 /* SceneDelegate.swift */; };
		25EDDEE92754513B00980553 /* ViewController.swift in Sources */ = {isa = PBXBuildFile; fileRef = 25EDDEE82754513B00980553 /* ViewController.swift */; };
		25EDDEEC2754513B00980553 /* Main.storyboard in Resources */ = {isa = PBXBuildFile; fileRef = 25EDDEEA2754513B00980553 /* Main.storyboard */; };
		25EDDEEF2754513B00980553 /* FinalProjectiOS.xcdatamodeld in Sources */ = {isa = PBXBuildFile; fileRef = 25EDDEED2754513B00980553 /* FinalProjectiOS.xcdatamodeld */; };
		25EDDEF12754513E00980553 /* Assets.xcassets in Resources */ = {isa = PBXBuildFile; fileRef = 25EDDEF02754513E00980553 /* Assets.xcassets */; };
		25EDDEF42754513E00980553 /* LaunchScreen.storyboard in Resources */ = {isa = PBXBuildFile; fileRef = 25EDDEF22754513E00980553 /* LaunchScreen.storyboard */; };
		F9DB3BCA27568842006E68AD /* RegisterViewController.swift in Sources */ = {isa = PBXBuildFile; fileRef = F9DB3BC927568842006E68AD /* RegisterViewController.swift */; };
		F9DB3BCF2756AB01006E68AD /* Constants.swift in Sources */ = {isa = PBXBuildFile; fileRef = F9DB3BCE2756AB01006E68AD /* Constants.swift */; };
		F9DB3BD12756B79E006E68AD /* Toast.swift in Sources */ = {isa = PBXBuildFile; fileRef = F9DB3BD02756B79E006E68AD /* Toast.swift */; };
/* End PBXBuildFile section */

/* Begin PBXFileReference section */
		25BAB1302759117000A5A18E /* User.swift */ = {isa = PBXFileReference; lastKnownFileType = sourcecode.swift; path = User.swift; sourceTree = "<group>"; };
		25BAB133275911FB00A5A18E /* Listing.swift */ = {isa = PBXFileReference; lastKnownFileType = sourcecode.swift; path = Listing.swift; sourceTree = "<group>"; };
		25BAB1352759121D00A5A18E /* Comment.swift */ = {isa = PBXFileReference; lastKnownFileType = sourcecode.swift; path = Comment.swift; sourceTree = "<group>"; };
		25BAB1372759372B00A5A18E /* ListingsTableViewController.swift */ = {isa = PBXFileReference; lastKnownFileType = sourcecode.swift; path = ListingsTableViewController.swift; sourceTree = "<group>"; };
		25BAB1392759376300A5A18E /* SavedListingsTableViewController.swift */ = {isa = PBXFileReference; lastKnownFileType = sourcecode.swift; path = SavedListingsTableViewController.swift; sourceTree = "<group>"; };
		25BAB13B2759380D00A5A18E /* ListingDetailsViewController.swift */ = {isa = PBXFileReference; lastKnownFileType = sourcecode.swift; path = ListingDetailsViewController.swift; sourceTree = "<group>"; };
		25BAB13D2759386500A5A18E /* CreateListingViewController.swift */ = {isa = PBXFileReference; lastKnownFileType = sourcecode.swift; path = CreateListingViewController.swift; sourceTree = "<group>"; };
		25BAB13F275938B300A5A18E /* UserDetailViewController.swift */ = {isa = PBXFileReference; lastKnownFileType = sourcecode.swift; path = UserDetailViewController.swift; sourceTree = "<group>"; };
		25BAB14127593D9300A5A18E /* MyListingsTableViewController.swift */ = {isa = PBXFileReference; lastKnownFileType = sourcecode.swift; path = MyListingsTableViewController.swift; sourceTree = "<group>"; };
		25EDDEE12754513B00980553 /* FinalProjectiOS.app */ = {isa = PBXFileReference; explicitFileType = wrapper.application; includeInIndex = 0; path = FinalProjectiOS.app; sourceTree = BUILT_PRODUCTS_DIR; };
		25EDDEE42754513B00980553 /* AppDelegate.swift */ = {isa = PBXFileReference; lastKnownFileType = sourcecode.swift; path = AppDelegate.swift; sourceTree = "<group>"; };
		25EDDEE62754513B00980553 /* SceneDelegate.swift */ = {isa = PBXFileReference; lastKnownFileType = sourcecode.swift; path = SceneDelegate.swift; sourceTree = "<group>"; };
		25EDDEE82754513B00980553 /* ViewController.swift */ = {isa = PBXFileReference; lastKnownFileType = sourcecode.swift; path = ViewController.swift; sourceTree = "<group>"; };
		25EDDEEB2754513B00980553 /* Base */ = {isa = PBXFileReference; lastKnownFileType = file.storyboard; name = Base; path = Base.lproj/Main.storyboard; sourceTree = "<group>"; };
		25EDDEEE2754513B00980553 /* FinalProjectiOS.xcdatamodel */ = {isa = PBXFileReference; lastKnownFileType = wrapper.xcdatamodel; path = FinalProjectiOS.xcdatamodel; sourceTree = "<group>"; };
		25EDDEF02754513E00980553 /* Assets.xcassets */ = {isa = PBXFileReference; lastKnownFileType = folder.assetcatalog; path = Assets.xcassets; sourceTree = "<group>"; };
		25EDDEF32754513E00980553 /* Base */ = {isa = PBXFileReference; lastKnownFileType = file.storyboard; name = Base; path = Base.lproj/LaunchScreen.storyboard; sourceTree = "<group>"; };
		25EDDEF52754513E00980553 /* Info.plist */ = {isa = PBXFileReference; lastKnownFileType = text.plist.xml; path = Info.plist; sourceTree = "<group>"; };
		F9DB3BC927568842006E68AD /* RegisterViewController.swift */ = {isa = PBXFileReference; lastKnownFileType = sourcecode.swift; path = RegisterViewController.swift; sourceTree = "<group>"; };
		F9DB3BCE2756AB01006E68AD /* Constants.swift */ = {isa = PBXFileReference; lastKnownFileType = sourcecode.swift; path = Constants.swift; sourceTree = "<group>"; };
		F9DB3BD02756B79E006E68AD /* Toast.swift */ = {isa = PBXFileReference; lastKnownFileType = sourcecode.swift; path = Toast.swift; sourceTree = "<group>"; };
/* End PBXFileReference section */

/* Begin PBXFrameworksBuildPhase section */
		25EDDEDE2754513B00980553 /* Frameworks */ = {
			isa = PBXFrameworksBuildPhase;
			buildActionMask = 2147483647;
			files = (
			);
			runOnlyForDeploymentPostprocessing = 0;
		};
/* End PBXFrameworksBuildPhase section */

/* Begin PBXGroup section */
		25BAB1322759119000A5A18E /* Models */ = {
			isa = PBXGroup;
			children = (
				25BAB1302759117000A5A18E /* User.swift */,
				25BAB133275911FB00A5A18E /* Listing.swift */,
				25BAB1352759121D00A5A18E /* Comment.swift */,
			);
			path = Models;
			sourceTree = "<group>";
		};
		25EDDED82754513B00980553 = {
			isa = PBXGroup;
			children = (
				25EDDEE32754513B00980553 /* FinalProjectiOS */,
				25EDDEE22754513B00980553 /* Products */,
			);
			sourceTree = "<group>";
		};
		25EDDEE22754513B00980553 /* Products */ = {
			isa = PBXGroup;
			children = (
				25EDDEE12754513B00980553 /* FinalProjectiOS.app */,
			);
			name = Products;
			sourceTree = "<group>";
		};
		25EDDEE32754513B00980553 /* FinalProjectiOS */ = {
			isa = PBXGroup;
			children = (
				25BAB1322759119000A5A18E /* Models */,
				F9DB3BC8275683DE006E68AD /* View Controllers */,
				25EDDEE42754513B00980553 /* AppDelegate.swift */,
				25EDDEE62754513B00980553 /* SceneDelegate.swift */,
				25EDDEEA2754513B00980553 /* Main.storyboard */,
				25EDDEF02754513E00980553 /* Assets.xcassets */,
				25EDDEF22754513E00980553 /* LaunchScreen.storyboard */,
				25EDDEF52754513E00980553 /* Info.plist */,
				25EDDEED2754513B00980553 /* FinalProjectiOS.xcdatamodeld */,
				F9DB3BCE2756AB01006E68AD /* Constants.swift */,
				F9DB3BD02756B79E006E68AD /* Toast.swift */,
			);
			path = FinalProjectiOS;
			sourceTree = "<group>";
		};
		F9DB3BC8275683DE006E68AD /* View Controllers */ = {
			isa = PBXGroup;
			children = (
				25EDDEE82754513B00980553 /* ViewController.swift */,
				F9DB3BC927568842006E68AD /* RegisterViewController.swift */,
				25BAB1372759372B00A5A18E /* ListingsTableViewController.swift */,
				25BAB1392759376300A5A18E /* SavedListingsTableViewController.swift */,
				25BAB13B2759380D00A5A18E /* ListingDetailsViewController.swift */,
				25BAB13D2759386500A5A18E /* CreateListingViewController.swift */,
				25BAB13F275938B300A5A18E /* UserDetailViewController.swift */,
				25BAB14127593D9300A5A18E /* MyListingsTableViewController.swift */,
			);
			path = "View Controllers";
			sourceTree = "<group>";
		};
/* End PBXGroup section */

/* Begin PBXNativeTarget section */
		25EDDEE02754513B00980553 /* FinalProjectiOS */ = {
			isa = PBXNativeTarget;
			buildConfigurationList = 25EDDEF82754513E00980553 /* Build configuration list for PBXNativeTarget "FinalProjectiOS" */;
			buildPhases = (
				25EDDEDD2754513B00980553 /* Sources */,
				25EDDEDE2754513B00980553 /* Frameworks */,
				25EDDEDF2754513B00980553 /* Resources */,
			);
			buildRules = (
			);
			dependencies = (
			);
			name = FinalProjectiOS;
			productName = FinalProjectiOS;
			productReference = 25EDDEE12754513B00980553 /* FinalProjectiOS.app */;
			productType = "com.apple.product-type.application";
		};
/* End PBXNativeTarget section */

/* Begin PBXProject section */
		25EDDED92754513B00980553 /* Project object */ = {
			isa = PBXProject;
			attributes = {
				BuildIndependentTargetsInParallel = 1;
				LastSwiftUpdateCheck = 1310;
				LastUpgradeCheck = 1310;
				TargetAttributes = {
					25EDDEE02754513B00980553 = {
						CreatedOnToolsVersion = 13.1;
					};
				};
			};
			buildConfigurationList = 25EDDEDC2754513B00980553 /* Build configuration list for PBXProject "FinalProjectiOS" */;
			compatibilityVersion = "Xcode 11.0";
			developmentRegion = en;
			hasScannedForEncodings = 0;
			knownRegions = (
				en,
				Base,
			);
			mainGroup = 25EDDED82754513B00980553;
			productRefGroup = 25EDDEE22754513B00980553 /* Products */;
			projectDirPath = "";
			projectRoot = "";
			targets = (
				25EDDEE02754513B00980553 /* FinalProjectiOS */,
			);
		};
/* End PBXProject section */

/* Begin PBXResourcesBuildPhase section */
		25EDDEDF2754513B00980553 /* Resources */ = {
			isa = PBXResourcesBuildPhase;
			buildActionMask = 2147483647;
			files = (
				25EDDEF42754513E00980553 /* LaunchScreen.storyboard in Resources */,
				25EDDEF12754513E00980553 /* Assets.xcassets in Resources */,
				25EDDEEC2754513B00980553 /* Main.storyboard in Resources */,
			);
			runOnlyForDeploymentPostprocessing = 0;
		};
/* End PBXResourcesBuildPhase section */

/* Begin PBXSourcesBuildPhase section */
		25EDDEDD2754513B00980553 /* Sources */ = {
			isa = PBXSourcesBuildPhase;
			buildActionMask = 2147483647;
			files = (
				25EDDEEF2754513B00980553 /* FinalProjectiOS.xcdatamodeld in Sources */,
				25BAB134275911FB00A5A18E /* Listing.swift in Sources */,
				25BAB13C2759380D00A5A18E /* ListingDetailsViewController.swift in Sources */,
				F9DB3BCA27568842006E68AD /* RegisterViewController.swift in Sources */,
				25EDDEE92754513B00980553 /* ViewController.swift in Sources */,
				25BAB13A2759376300A5A18E /* SavedListingsTableViewController.swift in Sources */,
				25EDDEE52754513B00980553 /* AppDelegate.swift in Sources */,
				25BAB1362759121D00A5A18E /* Comment.swift in Sources */,
				25BAB14227593D9300A5A18E /* MyListingsTableViewController.swift in Sources */,
				25BAB1382759372B00A5A18E /* ListingsTableViewController.swift in Sources */,
				25BAB13E2759386500A5A18E /* CreateListingViewController.swift in Sources */,
				25BAB1312759117100A5A18E /* User.swift in Sources */,
				25BAB140275938B300A5A18E /* UserDetailViewController.swift in Sources */,
				25EDDEE72754513B00980553 /* SceneDelegate.swift in Sources */,
				F9DB3BCF2756AB01006E68AD /* Constants.swift in Sources */,
				F9DB3BD12756B79E006E68AD /* Toast.swift in Sources */,
			);
			runOnlyForDeploymentPostprocessing = 0;
		};
/* End PBXSourcesBuildPhase section */

/* Begin PBXVariantGroup section */
		25EDDEEA2754513B00980553 /* Main.storyboard */ = {
			isa = PBXVariantGroup;
			children = (
				25EDDEEB2754513B00980553 /* Base */,
			);
			name = Main.storyboard;
			sourceTree = "<group>";
		};
		25EDDEF22754513E00980553 /* LaunchScreen.storyboard */ = {
			isa = PBXVariantGroup;
			children = (
				25EDDEF32754513E00980553 /* Base */,
			);
			name = LaunchScreen.storyboard;
			sourceTree = "<group>";
		};
/* End PBXVariantGroup section */

/* Begin XCBuildConfiguration section */
		25EDDEF62754513E00980553 /* Debug */ = {
			isa = XCBuildConfiguration;
			buildSettings = {
				ALWAYS_SEARCH_USER_PATHS = NO;
				CLANG_ANALYZER_NONNULL = YES;
				CLANG_ANALYZER_NUMBER_OBJECT_CONVERSION = YES_AGGRESSIVE;
				CLANG_CXX_LANGUAGE_STANDARD = "gnu++17";
				CLANG_CXX_LIBRARY = "libc++";
				CLANG_ENABLE_MODULES = YES;
				CLANG_ENABLE_OBJC_ARC = YES;
				CLANG_ENABLE_OBJC_WEAK = YES;
				CLANG_WARN_BLOCK_CAPTURE_AUTORELEASING = YES;
				CLANG_WARN_BOOL_CONVERSION = YES;
				CLANG_WARN_COMMA = YES;
				CLANG_WARN_CONSTANT_CONVERSION = YES;
				CLANG_WARN_DEPRECATED_OBJC_IMPLEMENTATIONS = YES;
				CLANG_WARN_DIRECT_OBJC_ISA_USAGE = YES_ERROR;
				CLANG_WARN_DOCUMENTATION_COMMENTS = YES;
				CLANG_WARN_EMPTY_BODY = YES;
				CLANG_WARN_ENUM_CONVERSION = YES;
				CLANG_WARN_INFINITE_RECURSION = YES;
				CLANG_WARN_INT_CONVERSION = YES;
				CLANG_WARN_NON_LITERAL_NULL_CONVERSION = YES;
				CLANG_WARN_OBJC_IMPLICIT_RETAIN_SELF = YES;
				CLANG_WARN_OBJC_LITERAL_CONVERSION = YES;
				CLANG_WARN_OBJC_ROOT_CLASS = YES_ERROR;
				CLANG_WARN_QUOTED_INCLUDE_IN_FRAMEWORK_HEADER = YES;
				CLANG_WARN_RANGE_LOOP_ANALYSIS = YES;
				CLANG_WARN_STRICT_PROTOTYPES = YES;
				CLANG_WARN_SUSPICIOUS_MOVE = YES;
				CLANG_WARN_UNGUARDED_AVAILABILITY = YES_AGGRESSIVE;
				CLANG_WARN_UNREACHABLE_CODE = YES;
				CLANG_WARN__DUPLICATE_METHOD_MATCH = YES;
				COPY_PHASE_STRIP = NO;
				DEBUG_INFORMATION_FORMAT = dwarf;
				ENABLE_STRICT_OBJC_MSGSEND = YES;
				ENABLE_TESTABILITY = YES;
				GCC_C_LANGUAGE_STANDARD = gnu11;
				GCC_DYNAMIC_NO_PIC = NO;
				GCC_NO_COMMON_BLOCKS = YES;
				GCC_OPTIMIZATION_LEVEL = 0;
				GCC_PREPROCESSOR_DEFINITIONS = (
					"DEBUG=1",
					"$(inherited)",
				);
				GCC_WARN_64_TO_32_BIT_CONVERSION = YES;
				GCC_WARN_ABOUT_RETURN_TYPE = YES_ERROR;
				GCC_WARN_UNDECLARED_SELECTOR = YES;
				GCC_WARN_UNINITIALIZED_AUTOS = YES_AGGRESSIVE;
				GCC_WARN_UNUSED_FUNCTION = YES;
				GCC_WARN_UNUSED_VARIABLE = YES;
				IPHONEOS_DEPLOYMENT_TARGET = 15.0;
				MTL_ENABLE_DEBUG_INFO = INCLUDE_SOURCE;
				MTL_FAST_MATH = YES;
				ONLY_ACTIVE_ARCH = YES;
				SDKROOT = iphoneos;
				SWIFT_ACTIVE_COMPILATION_CONDITIONS = DEBUG;
				SWIFT_OPTIMIZATION_LEVEL = "-Onone";
			};
			name = Debug;
		};
		25EDDEF72754513E00980553 /* Release */ = {
			isa = XCBuildConfiguration;
			buildSettings = {
				ALWAYS_SEARCH_USER_PATHS = NO;
				CLANG_ANALYZER_NONNULL = YES;
				CLANG_ANALYZER_NUMBER_OBJECT_CONVERSION = YES_AGGRESSIVE;
				CLANG_CXX_LANGUAGE_STANDARD = "gnu++17";
				CLANG_CXX_LIBRARY = "libc++";
				CLANG_ENABLE_MODULES = YES;
				CLANG_ENABLE_OBJC_ARC = YES;
				CLANG_ENABLE_OBJC_WEAK = YES;
				CLANG_WARN_BLOCK_CAPTURE_AUTORELEASING = YES;
				CLANG_WARN_BOOL_CONVERSION = YES;
				CLANG_WARN_COMMA = YES;
				CLANG_WARN_CONSTANT_CONVERSION = YES;
				CLANG_WARN_DEPRECATED_OBJC_IMPLEMENTATIONS = YES;
				CLANG_WARN_DIRECT_OBJC_ISA_USAGE = YES_ERROR;
				CLANG_WARN_DOCUMENTATION_COMMENTS = YES;
				CLANG_WARN_EMPTY_BODY = YES;
				CLANG_WARN_ENUM_CONVERSION = YES;
				CLANG_WARN_INFINITE_RECURSION = YES;
				CLANG_WARN_INT_CONVERSION = YES;
				CLANG_WARN_NON_LITERAL_NULL_CONVERSION = YES;
				CLANG_WARN_OBJC_IMPLICIT_RETAIN_SELF = YES;
				CLANG_WARN_OBJC_LITERAL_CONVERSION = YES;
				CLANG_WARN_OBJC_ROOT_CLASS = YES_ERROR;
				CLANG_WARN_QUOTED_INCLUDE_IN_FRAMEWORK_HEADER = YES;
				CLANG_WARN_RANGE_LOOP_ANALYSIS = YES;
				CLANG_WARN_STRICT_PROTOTYPES = YES;
				CLANG_WARN_SUSPICIOUS_MOVE = YES;
				CLANG_WARN_UNGUARDED_AVAILABILITY = YES_AGGRESSIVE;
				CLANG_WARN_UNREACHABLE_CODE = YES;
				CLANG_WARN__DUPLICATE_METHOD_MATCH = YES;
				COPY_PHASE_STRIP = NO;
				DEBUG_INFORMATION_FORMAT = "dwarf-with-dsym";
				ENABLE_NS_ASSERTIONS = NO;
				ENABLE_STRICT_OBJC_MSGSEND = YES;
				GCC_C_LANGUAGE_STANDARD = gnu11;
				GCC_NO_COMMON_BLOCKS = YES;
				GCC_WARN_64_TO_32_BIT_CONVERSION = YES;
				GCC_WARN_ABOUT_RETURN_TYPE = YES_ERROR;
				GCC_WARN_UNDECLARED_SELECTOR = YES;
				GCC_WARN_UNINITIALIZED_AUTOS = YES_AGGRESSIVE;
				GCC_WARN_UNUSED_FUNCTION = YES;
				GCC_WARN_UNUSED_VARIABLE = YES;
				IPHONEOS_DEPLOYMENT_TARGET = 15.0;
				MTL_ENABLE_DEBUG_INFO = NO;
				MTL_FAST_MATH = YES;
				SDKROOT = iphoneos;
				SWIFT_COMPILATION_MODE = wholemodule;
				SWIFT_OPTIMIZATION_LEVEL = "-O";
				VALIDATE_PRODUCT = YES;
			};
			name = Release;
		};
		25EDDEF92754513E00980553 /* Debug */ = {
			isa = XCBuildConfiguration;
			buildSettings = {
				ASSETCATALOG_COMPILER_APPICON_NAME = AppIcon;
				ASSETCATALOG_COMPILER_GLOBAL_ACCENT_COLOR_NAME = AccentColor;
				CODE_SIGN_STYLE = Automatic;
				CURRENT_PROJECT_VERSION = 1;
				GENERATE_INFOPLIST_FILE = YES;
				INFOPLIST_FILE = FinalProjectiOS/Info.plist;
				INFOPLIST_KEY_UIApplicationSupportsIndirectInputEvents = YES;
				INFOPLIST_KEY_UILaunchStoryboardName = LaunchScreen;
				INFOPLIST_KEY_UIMainStoryboardFile = Main;
				INFOPLIST_KEY_UISupportedInterfaceOrientations_iPad = "UIInterfaceOrientationPortrait UIInterfaceOrientationPortraitUpsideDown UIInterfaceOrientationLandscapeLeft UIInterfaceOrientationLandscapeRight";
				INFOPLIST_KEY_UISupportedInterfaceOrientations_iPhone = "UIInterfaceOrientationPortrait UIInterfaceOrientationLandscapeLeft UIInterfaceOrientationLandscapeRight";
				LD_RUNPATH_SEARCH_PATHS = (
					"$(inherited)",
					"@executable_path/Frameworks",
				);
				MARKETING_VERSION = 1.0;
				PRODUCT_BUNDLE_IDENTIFIER = com.Team.FinalProjectiOS;
				PRODUCT_NAME = "$(TARGET_NAME)";
				SWIFT_EMIT_LOC_STRINGS = YES;
				SWIFT_VERSION = 5.0;
				TARGETED_DEVICE_FAMILY = "1,2";
			};
			name = Debug;
		};
		25EDDEFA2754513E00980553 /* Release */ = {
			isa = XCBuildConfiguration;
			buildSettings = {
				ASSETCATALOG_COMPILER_APPICON_NAME = AppIcon;
				ASSETCATALOG_COMPILER_GLOBAL_ACCENT_COLOR_NAME = AccentColor;
				CODE_SIGN_STYLE = Automatic;
				CURRENT_PROJECT_VERSION = 1;
				GENERATE_INFOPLIST_FILE = YES;
				INFOPLIST_FILE = FinalProjectiOS/Info.plist;
				INFOPLIST_KEY_UIApplicationSupportsIndirectInputEvents = YES;
				INFOPLIST_KEY_UILaunchStoryboardName = LaunchScreen;
				INFOPLIST_KEY_UIMainStoryboardFile = Main;
				INFOPLIST_KEY_UISupportedInterfaceOrientations_iPad = "UIInterfaceOrientationPortrait UIInterfaceOrientationPortraitUpsideDown UIInterfaceOrientationLandscapeLeft UIInterfaceOrientationLandscapeRight";
				INFOPLIST_KEY_UISupportedInterfaceOrientations_iPhone = "UIInterfaceOrientationPortrait UIInterfaceOrientationLandscapeLeft UIInterfaceOrientationLandscapeRight";
				LD_RUNPATH_SEARCH_PATHS = (
					"$(inherited)",
					"@executable_path/Frameworks",
				);
				MARKETING_VERSION = 1.0;
				PRODUCT_BUNDLE_IDENTIFIER = com.Team.FinalProjectiOS;
				PRODUCT_NAME = "$(TARGET_NAME)";
				SWIFT_EMIT_LOC_STRINGS = YES;
				SWIFT_VERSION = 5.0;
				TARGETED_DEVICE_FAMILY = "1,2";
			};
			name = Release;
		};
/* End XCBuildConfiguration section */

/* Begin XCConfigurationList section */
		25EDDEDC2754513B00980553 /* Build configuration list for PBXProject "FinalProjectiOS" */ = {
			isa = XCConfigurationList;
			buildConfigurations = (
				25EDDEF62754513E00980553 /* Debug */,
				25EDDEF72754513E00980553 /* Release */,
			);
			defaultConfigurationIsVisible = 0;
			defaultConfigurationName = Release;
		};
		25EDDEF82754513E00980553 /* Build configuration list for PBXNativeTarget "FinalProjectiOS" */ = {
			isa = XCConfigurationList;
			buildConfigurations = (
				25EDDEF92754513E00980553 /* Debug */,
				25EDDEFA2754513E00980553 /* Release */,
			);
			defaultConfigurationIsVisible = 0;
			defaultConfigurationName = Release;
		};
/* End XCConfigurationList section */

/* Begin XCVersionGroup section */
		25EDDEED2754513B00980553 /* FinalProjectiOS.xcdatamodeld */ = {
			isa = XCVersionGroup;
			children = (
				25EDDEEE2754513B00980553 /* FinalProjectiOS.xcdatamodel */,
			);
			currentVersion = 25EDDEEE2754513B00980553 /* FinalProjectiOS.xcdatamodel */;
			path = FinalProjectiOS.xcdatamodeld;
			sourceTree = "<group>";
			versionGroupType = wrapper.xcdatamodel;
		};
/* End XCVersionGroup section */
	};
	rootObject = 25EDDED92754513B00980553 /* Project object */;
}
